
Microsoft Visual Studio Solution File, Format Version 12.00
# Visual Studio Version 16
VisualStudioVersion = 16.0.33423.256
MinimumVisualStudioVersion = 10.0.40219.1
Project("{FAE04EC0-301F-11D3-BF4B-00C04F79EFBC}") = "Instagram desktop", "Instagram desktop.csproj", "{2AF42CBC-9522-463E-9039-351A0AF9FA54}"
EndProject
Global
	GlobalSection(SolutionConfigurationPlatforms) = preSolution
		Debug|Any CPU = Debug|Any CPU
		Release|Any CPU = Release|Any CPU
	EndGlobalSection
	GlobalSection(ProjectConfigurationPlatforms) = postSolution
		{2AF42CBC-9522-463E-9039-351A0AF9FA54}.Debug|Any CPU.ActiveCfg = Debug|Any CPU
		{2AF42CBC-9522-463E-9039-351A0AF9FA54}.Debug|Any CPU.Build.0 = Debug|Any CPU
		{2AF42CBC-9522-463E-9039-351A0AF9FA54}.Release|Any CPU.ActiveCfg = Release|Any CPU
		{2AF42CBC-9522-463E-9039-351A0AF9FA54}.Release|Any CPU.Build.0 = Release|Any CPU
	EndGlobalSection
	GlobalSection(SolutionProperties) = preSolution
		HideSolutionNode = FALSE
	EndGlobalSection
	GlobalSection(ExtensibilityGlobals) = postSolution
		SolutionGuid = {2FF54E8E-AABA-41B5-B185-4E0B67FCB6ED}
	EndGlobalSection
EndGlobal
